// !$*UTF8*$!
{
	archiveVersion = 1;
	classes = {
	};
	objectVersion = 46;
	objects = {

/* Begin PBXBuildFile section */
		531103FD1F578B8E008AECFB /* AppDelegate.swift in Sources */ = {isa = PBXBuildFile; fileRef = 531103FC1F578B8E008AECFB /* AppDelegate.swift */; };
		531104021F578B8E008AECFB /* Main.storyboard in Resources */ = {isa = PBXBuildFile; fileRef = 531104001F578B8E008AECFB /* Main.storyboard */; };
		531104041F578B8E008AECFB /* Assets.xcassets in Resources */ = {isa = PBXBuildFile; fileRef = 531104031F578B8E008AECFB /* Assets.xcassets */; };
		531104071F578B8E008AECFB /* LaunchScreen.storyboard in Resources */ = {isa = PBXBuildFile; fileRef = 531104051F578B8E008AECFB /* LaunchScreen.storyboard */; };
		531104121F578B8E008AECFB /* virtusappTests.swift in Sources */ = {isa = PBXBuildFile; fileRef = 531104111F578B8E008AECFB /* virtusappTests.swift */; };
		5311041D1F578B8E008AECFB /* virtusappUITests.swift in Sources */ = {isa = PBXBuildFile; fileRef = 5311041C1F578B8E008AECFB /* virtusappUITests.swift */; };
		5311042E1F578CEF008AECFB /* HomePageViewController.swift in Sources */ = {isa = PBXBuildFile; fileRef = 5311042D1F578CEF008AECFB /* HomePageViewController.swift */; };
		531104301F578D1D008AECFB /* LocalViewController.swift in Sources */ = {isa = PBXBuildFile; fileRef = 5311042F1F578D1D008AECFB /* LocalViewController.swift */; };
		531104321F578D4B008AECFB /* NewsViewController.swift in Sources */ = {isa = PBXBuildFile; fileRef = 531104311F578D4B008AECFB /* NewsViewController.swift */; };
		531104341F578D69008AECFB /* JoinUsViewController.swift in Sources */ = {isa = PBXBuildFile; fileRef = 531104331F578D69008AECFB /* JoinUsViewController.swift */; };
		5338CBDE1F58F29800AD2BF2 /* EventProxy.swift in Sources */ = {isa = PBXBuildFile; fileRef = 5338CBDD1F58F29800AD2BF2 /* EventProxy.swift */; };
		5338CBE11F58F2A100AD2BF2 /* WSUrls.swift in Sources */ = {isa = PBXBuildFile; fileRef = 5338CBE01F58F2A100AD2BF2 /* WSUrls.swift */; };
		535D38571F5C70940084DACA /* Curriculum.swift in Sources */ = {isa = PBXBuildFile; fileRef = 535D38561F5C70940084DACA /* Curriculum.swift */; };
		535D38591F5C71710084DACA /* CurriculumProxy.swift in Sources */ = {isa = PBXBuildFile; fileRef = 535D38581F5C71710084DACA /* CurriculumProxy.swift */; };
		535D385B1F5C7E3A0084DACA /* Alert.swift in Sources */ = {isa = PBXBuildFile; fileRef = 535D385A1F5C7E3A0084DACA /* Alert.swift */; };
		535D385D1F5C7F700084DACA /* Info.swift in Sources */ = {isa = PBXBuildFile; fileRef = 535D385C1F5C7F700084DACA /* Info.swift */; };
		53A7F9261F5BA71900895CC1 /* EventDetailsViewController.swift in Sources */ = {isa = PBXBuildFile; fileRef = 53A7F9251F5BA71900895CC1 /* EventDetailsViewController.swift */; };
		53A7F9291F5BADCE00895CC1 /* EventDetailsViewController.xib in Resources */ = {isa = PBXBuildFile; fileRef = 53A7F9281F5BADCE00895CC1 /* EventDetailsViewController.xib */; };
		53A7F92B1F5BB73D00895CC1 /* JsonParser.swift in Sources */ = {isa = PBXBuildFile; fileRef = 53A7F92A1F5BB73D00895CC1 /* JsonParser.swift */; };
		53A7F92D1F5BC57D00895CC1 /* Job.swift in Sources */ = {isa = PBXBuildFile; fileRef = 53A7F92C1F5BC57D00895CC1 /* Job.swift */; };
		53A7F92F1F5BC68900895CC1 /* JobProxy.swift in Sources */ = {isa = PBXBuildFile; fileRef = 53A7F92E1F5BC68900895CC1 /* JobProxy.swift */; };
		53A7F9311F5BC97500895CC1 /* JobDetailsViewController.xib in Resources */ = {isa = PBXBuildFile; fileRef = 53A7F9301F5BC97500895CC1 /* JobDetailsViewController.xib */; };
		53A7F9331F5BCA9000895CC1 /* JobDetailsViewController.swift in Sources */ = {isa = PBXBuildFile; fileRef = 53A7F9321F5BCA9000895CC1 /* JobDetailsViewController.swift */; };
		53A7F9351F5BDD9500895CC1 /* CurriculumViewController.xib in Resources */ = {isa = PBXBuildFile; fileRef = 53A7F9341F5BDD9500895CC1 /* CurriculumViewController.xib */; };
		53A7F9371F5BDFFF00895CC1 /* CurriculumViewController.swift in Sources */ = {isa = PBXBuildFile; fileRef = 53A7F9361F5BDFFF00895CC1 /* CurriculumViewController.swift */; };
		53C5A1481F5A54360006EFF2 /* CardTableViewCell.swift in Sources */ = {isa = PBXBuildFile; fileRef = 53C5A1471F5A54360006EFF2 /* CardTableViewCell.swift */; };
		53C5A14B1F5A562D0006EFF2 /* Event.swift in Sources */ = {isa = PBXBuildFile; fileRef = 53C5A14A1F5A562D0006EFF2 /* Event.swift */; };
		53F55E171F58DF6000A16CB5 /* PinAnnotation.swift in Sources */ = {isa = PBXBuildFile; fileRef = 53F55E161F58DF6000A16CB5 /* PinAnnotation.swift */; };
		8D989A454A6B91FB458E1147 /* Pods_virtusapp.framework in Frameworks */ = {isa = PBXBuildFile; fileRef = E2B40B26DF6EC549A013B58C /* Pods_virtusapp.framework */; };
		CA3AAAA2E22ED8185837EBC4 /* Pods_virtusappUITests.framework in Frameworks */ = {isa = PBXBuildFile; fileRef = 0C5176109DB82CF432183565 /* Pods_virtusappUITests.framework */; };
		DD5FFC339A857AAE466A102F /* Pods_virtusappTests.framework in Frameworks */ = {isa = PBXBuildFile; fileRef = B715223805C8DD09494D7D1F /* Pods_virtusappTests.framework */; };
/* End PBXBuildFile section */

/* Begin PBXContainerItemProxy section */
		5311040E1F578B8E008AECFB /* PBXContainerItemProxy */ = {
			isa = PBXContainerItemProxy;
			containerPortal = 531103F11F578B8E008AECFB /* Project object */;
			proxyType = 1;
			remoteGlobalIDString = 531103F81F578B8E008AECFB;
			remoteInfo = virtusapp;
		};
		531104191F578B8E008AECFB /* PBXContainerItemProxy */ = {
			isa = PBXContainerItemProxy;
			containerPortal = 531103F11F578B8E008AECFB /* Project object */;
			proxyType = 1;
			remoteGlobalIDString = 531103F81F578B8E008AECFB;
			remoteInfo = virtusapp;
		};
/* End PBXContainerItemProxy section */

/* Begin PBXFileReference section */
		0C5176109DB82CF432183565 /* Pods_virtusappUITests.framework */ = {isa = PBXFileReference; explicitFileType = wrapper.framework; includeInIndex = 0; path = Pods_virtusappUITests.framework; sourceTree = BUILT_PRODUCTS_DIR; };
		25FE273EEBB880955B4576C7 /* Pods-virtusappTests.debug.xcconfig */ = {isa = PBXFileReference; includeInIndex = 1; lastKnownFileType = text.xcconfig; name = "Pods-virtusappTests.debug.xcconfig"; path = "Pods/Target Support Files/Pods-virtusappTests/Pods-virtusappTests.debug.xcconfig"; sourceTree = "<group>"; };
		4C1906AF2CD39D441EC87486 /* Pods-virtusappUITests.release.xcconfig */ = {isa = PBXFileReference; includeInIndex = 1; lastKnownFileType = text.xcconfig; name = "Pods-virtusappUITests.release.xcconfig"; path = "Pods/Target Support Files/Pods-virtusappUITests/Pods-virtusappUITests.release.xcconfig"; sourceTree = "<group>"; };
		531103F91F578B8E008AECFB /* virtusapp.app */ = {isa = PBXFileReference; explicitFileType = wrapper.application; includeInIndex = 0; path = virtusapp.app; sourceTree = BUILT_PRODUCTS_DIR; };
		531103FC1F578B8E008AECFB /* AppDelegate.swift */ = {isa = PBXFileReference; lastKnownFileType = sourcecode.swift; path = AppDelegate.swift; sourceTree = "<group>"; };
		531104011F578B8E008AECFB /* Base */ = {isa = PBXFileReference; lastKnownFileType = file.storyboard; name = Base; path = Base.lproj/Main.storyboard; sourceTree = "<group>"; };
		531104031F578B8E008AECFB /* Assets.xcassets */ = {isa = PBXFileReference; lastKnownFileType = folder.assetcatalog; path = Assets.xcassets; sourceTree = "<group>"; };
		531104061F578B8E008AECFB /* Base */ = {isa = PBXFileReference; lastKnownFileType = file.storyboard; name = Base; path = Base.lproj/LaunchScreen.storyboard; sourceTree = "<group>"; };
		531104081F578B8E008AECFB /* Info.plist */ = {isa = PBXFileReference; lastKnownFileType = text.plist.xml; path = Info.plist; sourceTree = "<group>"; };
		5311040D1F578B8E008AECFB /* virtusappTests.xctest */ = {isa = PBXFileReference; explicitFileType = wrapper.cfbundle; includeInIndex = 0; path = virtusappTests.xctest; sourceTree = BUILT_PRODUCTS_DIR; };
		531104111F578B8E008AECFB /* virtusappTests.swift */ = {isa = PBXFileReference; lastKnownFileType = sourcecode.swift; path = virtusappTests.swift; sourceTree = "<group>"; };
		531104131F578B8E008AECFB /* Info.plist */ = {isa = PBXFileReference; lastKnownFileType = text.plist.xml; path = Info.plist; sourceTree = "<group>"; };
		531104181F578B8E008AECFB /* virtusappUITests.xctest */ = {isa = PBXFileReference; explicitFileType = wrapper.cfbundle; includeInIndex = 0; path = virtusappUITests.xctest; sourceTree = BUILT_PRODUCTS_DIR; };
		5311041C1F578B8E008AECFB /* virtusappUITests.swift */ = {isa = PBXFileReference; lastKnownFileType = sourcecode.swift; path = virtusappUITests.swift; sourceTree = "<group>"; };
		5311041E1F578B8E008AECFB /* Info.plist */ = {isa = PBXFileReference; lastKnownFileType = text.plist.xml; path = Info.plist; sourceTree = "<group>"; };
		5311042D1F578CEF008AECFB /* HomePageViewController.swift */ = {isa = PBXFileReference; fileEncoding = 4; lastKnownFileType = sourcecode.swift; path = HomePageViewController.swift; sourceTree = "<group>"; };
		5311042F1F578D1D008AECFB /* LocalViewController.swift */ = {isa = PBXFileReference; fileEncoding = 4; lastKnownFileType = sourcecode.swift; path = LocalViewController.swift; sourceTree = "<group>"; };
		531104311F578D4B008AECFB /* NewsViewController.swift */ = {isa = PBXFileReference; fileEncoding = 4; lastKnownFileType = sourcecode.swift; path = NewsViewController.swift; sourceTree = "<group>"; };
		531104331F578D69008AECFB /* JoinUsViewController.swift */ = {isa = PBXFileReference; fileEncoding = 4; lastKnownFileType = sourcecode.swift; path = JoinUsViewController.swift; sourceTree = "<group>"; };
		5338CBDD1F58F29800AD2BF2 /* EventProxy.swift */ = {isa = PBXFileReference; fileEncoding = 4; lastKnownFileType = sourcecode.swift; path = EventProxy.swift; sourceTree = "<group>"; };
		5338CBE01F58F2A100AD2BF2 /* WSUrls.swift */ = {isa = PBXFileReference; fileEncoding = 4; lastKnownFileType = sourcecode.swift; path = WSUrls.swift; sourceTree = "<group>"; };
		535D38561F5C70940084DACA /* Curriculum.swift */ = {isa = PBXFileReference; fileEncoding = 4; lastKnownFileType = sourcecode.swift; path = Curriculum.swift; sourceTree = "<group>"; };
		535D38581F5C71710084DACA /* CurriculumProxy.swift */ = {isa = PBXFileReference; fileEncoding = 4; lastKnownFileType = sourcecode.swift; path = CurriculumProxy.swift; sourceTree = "<group>"; };
		535D385A1F5C7E3A0084DACA /* Alert.swift */ = {isa = PBXFileReference; fileEncoding = 4; lastKnownFileType = sourcecode.swift; path = Alert.swift; sourceTree = "<group>"; };
		535D385C1F5C7F700084DACA /* Info.swift */ = {isa = PBXFileReference; fileEncoding = 4; lastKnownFileType = sourcecode.swift; path = Info.swift; sourceTree = "<group>"; };
		53A7F9251F5BA71900895CC1 /* EventDetailsViewController.swift */ = {isa = PBXFileReference; fileEncoding = 4; lastKnownFileType = sourcecode.swift; path = EventDetailsViewController.swift; sourceTree = "<group>"; };
		53A7F9281F5BADCE00895CC1 /* EventDetailsViewController.xib */ = {isa = PBXFileReference; fileEncoding = 4; lastKnownFileType = file.xib; path = EventDetailsViewController.xib; sourceTree = "<group>"; };
		53A7F92A1F5BB73D00895CC1 /* JsonParser.swift */ = {isa = PBXFileReference; fileEncoding = 4; lastKnownFileType = sourcecode.swift; path = JsonParser.swift; sourceTree = "<group>"; };
		53A7F92C1F5BC57D00895CC1 /* Job.swift */ = {isa = PBXFileReference; fileEncoding = 4; lastKnownFileType = sourcecode.swift; path = Job.swift; sourceTree = "<group>"; };
		53A7F92E1F5BC68900895CC1 /* JobProxy.swift */ = {isa = PBXFileReference; fileEncoding = 4; lastKnownFileType = sourcecode.swift; path = JobProxy.swift; sourceTree = "<group>"; };
		53A7F9301F5BC97500895CC1 /* JobDetailsViewController.xib */ = {isa = PBXFileReference; fileEncoding = 4; lastKnownFileType = file.xib; path = JobDetailsViewController.xib; sourceTree = "<group>"; };
		53A7F9321F5BCA9000895CC1 /* JobDetailsViewController.swift */ = {isa = PBXFileReference; fileEncoding = 4; lastKnownFileType = sourcecode.swift; path = JobDetailsViewController.swift; sourceTree = "<group>"; };
		53A7F9341F5BDD9500895CC1 /* CurriculumViewController.xib */ = {isa = PBXFileReference; fileEncoding = 4; lastKnownFileType = file.xib; path = CurriculumViewController.xib; sourceTree = "<group>"; };
		53A7F9361F5BDFFF00895CC1 /* CurriculumViewController.swift */ = {isa = PBXFileReference; fileEncoding = 4; lastKnownFileType = sourcecode.swift; path = CurriculumViewController.swift; sourceTree = "<group>"; };
		53C5A1471F5A54360006EFF2 /* CardTableViewCell.swift */ = {isa = PBXFileReference; fileEncoding = 4; lastKnownFileType = sourcecode.swift; path = CardTableViewCell.swift; sourceTree = "<group>"; };
		53C5A14A1F5A562D0006EFF2 /* Event.swift */ = {isa = PBXFileReference; fileEncoding = 4; lastKnownFileType = sourcecode.swift; path = Event.swift; sourceTree = "<group>"; };
		53F55E161F58DF6000A16CB5 /* PinAnnotation.swift */ = {isa = PBXFileReference; fileEncoding = 4; lastKnownFileType = sourcecode.swift; path = PinAnnotation.swift; sourceTree = "<group>"; };
		7BB316F4FB50293BD414AB79 /* Pods-virtusappUITests.debug.xcconfig */ = {isa = PBXFileReference; includeInIndex = 1; lastKnownFileType = text.xcconfig; name = "Pods-virtusappUITests.debug.xcconfig"; path = "Pods/Target Support Files/Pods-virtusappUITests/Pods-virtusappUITests.debug.xcconfig"; sourceTree = "<group>"; };
		AA7470CCADB1090199B4264E /* Pods-virtusappTests.release.xcconfig */ = {isa = PBXFileReference; includeInIndex = 1; lastKnownFileType = text.xcconfig; name = "Pods-virtusappTests.release.xcconfig"; path = "Pods/Target Support Files/Pods-virtusappTests/Pods-virtusappTests.release.xcconfig"; sourceTree = "<group>"; };
		B715223805C8DD09494D7D1F /* Pods_virtusappTests.framework */ = {isa = PBXFileReference; explicitFileType = wrapper.framework; includeInIndex = 0; path = Pods_virtusappTests.framework; sourceTree = BUILT_PRODUCTS_DIR; };
		C0C9427984498DB8743749ED /* Pods-virtusapp.release.xcconfig */ = {isa = PBXFileReference; includeInIndex = 1; lastKnownFileType = text.xcconfig; name = "Pods-virtusapp.release.xcconfig"; path = "Pods/Target Support Files/Pods-virtusapp/Pods-virtusapp.release.xcconfig"; sourceTree = "<group>"; };
		E1AC62D00B998BEF6ED272B5 /* Pods-virtusapp.debug.xcconfig */ = {isa = PBXFileReference; includeInIndex = 1; lastKnownFileType = text.xcconfig; name = "Pods-virtusapp.debug.xcconfig"; path = "Pods/Target Support Files/Pods-virtusapp/Pods-virtusapp.debug.xcconfig"; sourceTree = "<group>"; };
		E2B40B26DF6EC549A013B58C /* Pods_virtusapp.framework */ = {isa = PBXFileReference; explicitFileType = wrapper.framework; includeInIndex = 0; path = Pods_virtusapp.framework; sourceTree = BUILT_PRODUCTS_DIR; };
/* End PBXFileReference section */

/* Begin PBXFrameworksBuildPhase section */
		531103F61F578B8E008AECFB /* Frameworks */ = {
			isa = PBXFrameworksBuildPhase;
			buildActionMask = 2147483647;
			files = (
				8D989A454A6B91FB458E1147 /* Pods_virtusapp.framework in Frameworks */,
			);
			runOnlyForDeploymentPostprocessing = 0;
		};
		5311040A1F578B8E008AECFB /* Frameworks */ = {
			isa = PBXFrameworksBuildPhase;
			buildActionMask = 2147483647;
			files = (
				DD5FFC339A857AAE466A102F /* Pods_virtusappTests.framework in Frameworks */,
			);
			runOnlyForDeploymentPostprocessing = 0;
		};
		531104151F578B8E008AECFB /* Frameworks */ = {
			isa = PBXFrameworksBuildPhase;
			buildActionMask = 2147483647;
			files = (
				CA3AAAA2E22ED8185837EBC4 /* Pods_virtusappUITests.framework in Frameworks */,
			);
			runOnlyForDeploymentPostprocessing = 0;
		};
/* End PBXFrameworksBuildPhase section */

/* Begin PBXGroup section */
		531103F01F578B8E008AECFB = {
			isa = PBXGroup;
			children = (
				531103FB1F578B8E008AECFB /* virtusapp */,
				531104101F578B8E008AECFB /* virtusappTests */,
				5311041B1F578B8E008AECFB /* virtusappUITests */,
				531103FA1F578B8E008AECFB /* Products */,
				999812406FB8B33AAA6C1A71 /* Pods */,
				967C0DF30DCB7CDBB402B6D0 /* Frameworks */,
			);
			sourceTree = "<group>";
		};
		531103FA1F578B8E008AECFB /* Products */ = {
			isa = PBXGroup;
			children = (
				531103F91F578B8E008AECFB /* virtusapp.app */,
				5311040D1F578B8E008AECFB /* virtusappTests.xctest */,
				531104181F578B8E008AECFB /* virtusappUITests.xctest */,
			);
			name = Products;
			sourceTree = "<group>";
		};
		531103FB1F578B8E008AECFB /* virtusapp */ = {
			isa = PBXGroup;
			children = (
				53A7F9271F5BADBD00895CC1 /* views */,
				53C5A1491F5A561E0006EFF2 /* models */,
				53C5A1461F5A541C0006EFF2 /* components */,
				5338CBDF1F58F2A100AD2BF2 /* misc */,
				5338CBDC1F58F29800AD2BF2 /* proxy */,
				53F55E151F58DF4200A16CB5 /* geo */,
				5311042A1F578BCB008AECFB /* controllers */,
				531103FC1F578B8E008AECFB /* AppDelegate.swift */,
				531104001F578B8E008AECFB /* Main.storyboard */,
				531104031F578B8E008AECFB /* Assets.xcassets */,
				531104051F578B8E008AECFB /* LaunchScreen.storyboard */,
				531104081F578B8E008AECFB /* Info.plist */,
			);
			path = virtusapp;
			sourceTree = "<group>";
		};
		531104101F578B8E008AECFB /* virtusappTests */ = {
			isa = PBXGroup;
			children = (
				531104111F578B8E008AECFB /* virtusappTests.swift */,
				531104131F578B8E008AECFB /* Info.plist */,
			);
			path = virtusappTests;
			sourceTree = "<group>";
		};
		5311041B1F578B8E008AECFB /* virtusappUITests */ = {
			isa = PBXGroup;
			children = (
				5311041C1F578B8E008AECFB /* virtusappUITests.swift */,
				5311041E1F578B8E008AECFB /* Info.plist */,
			);
			path = virtusappUITests;
			sourceTree = "<group>";
		};
		5311042A1F578BCB008AECFB /* controllers */ = {
			isa = PBXGroup;
			children = (
				5311042D1F578CEF008AECFB /* HomePageViewController.swift */,
				5311042F1F578D1D008AECFB /* LocalViewController.swift */,
				531104311F578D4B008AECFB /* NewsViewController.swift */,
				531104331F578D69008AECFB /* JoinUsViewController.swift */,
				53A7F9251F5BA71900895CC1 /* EventDetailsViewController.swift */,
				53A7F9321F5BCA9000895CC1 /* JobDetailsViewController.swift */,
				53A7F9361F5BDFFF00895CC1 /* CurriculumViewController.swift */,
			);
			path = controllers;
			sourceTree = "<group>";
		};
		5338CBDC1F58F29800AD2BF2 /* proxy */ = {
			isa = PBXGroup;
			children = (
				5338CBDD1F58F29800AD2BF2 /* EventProxy.swift */,
				53A7F92E1F5BC68900895CC1 /* JobProxy.swift */,
				535D38581F5C71710084DACA /* CurriculumProxy.swift */,
			);
			path = proxy;
			sourceTree = "<group>";
		};
		5338CBDF1F58F2A100AD2BF2 /* misc */ = {
			isa = PBXGroup;
			children = (
				5338CBE01F58F2A100AD2BF2 /* WSUrls.swift */,
				53A7F92A1F5BB73D00895CC1 /* JsonParser.swift */,
				535D385A1F5C7E3A0084DACA /* Alert.swift */,
				535D385C1F5C7F700084DACA /* Info.swift */,
			);
			path = misc;
			sourceTree = "<group>";
		};
		53A7F9271F5BADBD00895CC1 /* views */ = {
			isa = PBXGroup;
			children = (
				53A7F9281F5BADCE00895CC1 /* EventDetailsViewController.xib */,
				53A7F9301F5BC97500895CC1 /* JobDetailsViewController.xib */,
				53A7F9341F5BDD9500895CC1 /* CurriculumViewController.xib */,
			);
			path = views;
			sourceTree = "<group>";
		};
		53C5A1461F5A541C0006EFF2 /* components */ = {
			isa = PBXGroup;
			children = (
				53C5A1471F5A54360006EFF2 /* CardTableViewCell.swift */,
			);
			path = components;
			sourceTree = "<group>";
		};
		53C5A1491F5A561E0006EFF2 /* models */ = {
			isa = PBXGroup;
			children = (
				53C5A14A1F5A562D0006EFF2 /* Event.swift */,
				53A7F92C1F5BC57D00895CC1 /* Job.swift */,
				535D38561F5C70940084DACA /* Curriculum.swift */,
			);
			path = models;
			sourceTree = "<group>";
		};
		53F55E151F58DF4200A16CB5 /* geo */ = {
			isa = PBXGroup;
			children = (
				53F55E161F58DF6000A16CB5 /* PinAnnotation.swift */,
			);
			path = geo;
			sourceTree = "<group>";
		};
		967C0DF30DCB7CDBB402B6D0 /* Frameworks */ = {
			isa = PBXGroup;
			children = (
				E2B40B26DF6EC549A013B58C /* Pods_virtusapp.framework */,
				B715223805C8DD09494D7D1F /* Pods_virtusappTests.framework */,
				0C5176109DB82CF432183565 /* Pods_virtusappUITests.framework */,
			);
			name = Frameworks;
			sourceTree = "<group>";
		};
		999812406FB8B33AAA6C1A71 /* Pods */ = {
			isa = PBXGroup;
			children = (
				E1AC62D00B998BEF6ED272B5 /* Pods-virtusapp.debug.xcconfig */,
				C0C9427984498DB8743749ED /* Pods-virtusapp.release.xcconfig */,
				25FE273EEBB880955B4576C7 /* Pods-virtusappTests.debug.xcconfig */,
				AA7470CCADB1090199B4264E /* Pods-virtusappTests.release.xcconfig */,
				7BB316F4FB50293BD414AB79 /* Pods-virtusappUITests.debug.xcconfig */,
				4C1906AF2CD39D441EC87486 /* Pods-virtusappUITests.release.xcconfig */,
			);
			name = Pods;
			sourceTree = "<group>";
		};
/* End PBXGroup section */

/* Begin PBXNativeTarget section */
		531103F81F578B8E008AECFB /* virtusapp */ = {
			isa = PBXNativeTarget;
			buildConfigurationList = 531104211F578B8E008AECFB /* Build configuration list for PBXNativeTarget "virtusapp" */;
			buildPhases = (
				1966BB605E7861765518114E /* [CP] Check Pods Manifest.lock */,
				531103F51F578B8E008AECFB /* Sources */,
				531103F61F578B8E008AECFB /* Frameworks */,
				531103F71F578B8E008AECFB /* Resources */,
				D438A78B21B9EE2FA121D379 /* [CP] Embed Pods Frameworks */,
				656CCF8FBE3CF21B89C07DEA /* [CP] Copy Pods Resources */,
			);
			buildRules = (
			);
			dependencies = (
			);
			name = virtusapp;
			productName = virtusapp;
			productReference = 531103F91F578B8E008AECFB /* virtusapp.app */;
			productType = "com.apple.product-type.application";
		};
		5311040C1F578B8E008AECFB /* virtusappTests */ = {
			isa = PBXNativeTarget;
			buildConfigurationList = 531104241F578B8E008AECFB /* Build configuration list for PBXNativeTarget "virtusappTests" */;
			buildPhases = (
				8D420B4536645C3B4E607D2E /* [CP] Check Pods Manifest.lock */,
				531104091F578B8E008AECFB /* Sources */,
				5311040A1F578B8E008AECFB /* Frameworks */,
				5311040B1F578B8E008AECFB /* Resources */,
				E8D54108F6B50B03F0859567 /* [CP] Embed Pods Frameworks */,
				7DFB01D99E7D3E37FAC0ECBF /* [CP] Copy Pods Resources */,
			);
			buildRules = (
			);
			dependencies = (
				5311040F1F578B8E008AECFB /* PBXTargetDependency */,
			);
			name = virtusappTests;
			productName = virtusappTests;
			productReference = 5311040D1F578B8E008AECFB /* virtusappTests.xctest */;
			productType = "com.apple.product-type.bundle.unit-test";
		};
		531104171F578B8E008AECFB /* virtusappUITests */ = {
			isa = PBXNativeTarget;
			buildConfigurationList = 531104271F578B8E008AECFB /* Build configuration list for PBXNativeTarget "virtusappUITests" */;
			buildPhases = (
				0C2067969EAC27E758FE73CA /* [CP] Check Pods Manifest.lock */,
				531104141F578B8E008AECFB /* Sources */,
				531104151F578B8E008AECFB /* Frameworks */,
				531104161F578B8E008AECFB /* Resources */,
				826B889C1D86A885977CB144 /* [CP] Embed Pods Frameworks */,
				03939BB09087FF4D6886AEF2 /* [CP] Copy Pods Resources */,
			);
			buildRules = (
			);
			dependencies = (
				5311041A1F578B8E008AECFB /* PBXTargetDependency */,
			);
			name = virtusappUITests;
			productName = virtusappUITests;
			productReference = 531104181F578B8E008AECFB /* virtusappUITests.xctest */;
			productType = "com.apple.product-type.bundle.ui-testing";
		};
/* End PBXNativeTarget section */

/* Begin PBXProject section */
		531103F11F578B8E008AECFB /* Project object */ = {
			isa = PBXProject;
			attributes = {
				LastSwiftUpdateCheck = 0830;
				LastUpgradeCheck = 0830;
				ORGANIZATIONNAME = Rafael;
				TargetAttributes = {
					531103F81F578B8E008AECFB = {
						CreatedOnToolsVersion = 8.3.3;
						ProvisioningStyle = Automatic;
					};
					5311040C1F578B8E008AECFB = {
						CreatedOnToolsVersion = 8.3.3;
						ProvisioningStyle = Automatic;
						TestTargetID = 531103F81F578B8E008AECFB;
					};
					531104171F578B8E008AECFB = {
						CreatedOnToolsVersion = 8.3.3;
						ProvisioningStyle = Automatic;
						TestTargetID = 531103F81F578B8E008AECFB;
					};
				};
			};
			buildConfigurationList = 531103F41F578B8E008AECFB /* Build configuration list for PBXProject "virtusapp" */;
			compatibilityVersion = "Xcode 3.2";
			developmentRegion = English;
			hasScannedForEncodings = 0;
			knownRegions = (
				en,
				Base,
			);
			mainGroup = 531103F01F578B8E008AECFB;
			productRefGroup = 531103FA1F578B8E008AECFB /* Products */;
			projectDirPath = "";
			projectRoot = "";
			targets = (
				531103F81F578B8E008AECFB /* virtusapp */,
				5311040C1F578B8E008AECFB /* virtusappTests */,
				531104171F578B8E008AECFB /* virtusappUITests */,
			);
		};
/* End PBXProject section */

/* Begin PBXResourcesBuildPhase section */
		531103F71F578B8E008AECFB /* Resources */ = {
			isa = PBXResourcesBuildPhase;
			buildActionMask = 2147483647;
			files = (
				531104071F578B8E008AECFB /* LaunchScreen.storyboard in Resources */,
				53A7F9351F5BDD9500895CC1 /* CurriculumViewController.xib in Resources */,
				531104041F578B8E008AECFB /* Assets.xcassets in Resources */,
				53A7F9311F5BC97500895CC1 /* JobDetailsViewController.xib in Resources */,
				53A7F9291F5BADCE00895CC1 /* EventDetailsViewController.xib in Resources */,
				531104021F578B8E008AECFB /* Main.storyboard in Resources */,
			);
			runOnlyForDeploymentPostprocessing = 0;
		};
		5311040B1F578B8E008AECFB /* Resources */ = {
			isa = PBXResourcesBuildPhase;
			buildActionMask = 2147483647;
			files = (
			);
			runOnlyForDeploymentPostprocessing = 0;
		};
		531104161F578B8E008AECFB /* Resources */ = {
			isa = PBXResourcesBuildPhase;
			buildActionMask = 2147483647;
			files = (
			);
			runOnlyForDeploymentPostprocessing = 0;
		};
/* End PBXResourcesBuildPhase section */

/* Begin PBXShellScriptBuildPhase section */
		03939BB09087FF4D6886AEF2 /* [CP] Copy Pods Resources */ = {
			isa = PBXShellScriptBuildPhase;
			buildActionMask = 2147483647;
			files = (
			);
			inputPaths = (
			);
			name = "[CP] Copy Pods Resources";
			outputPaths = (
			);
			runOnlyForDeploymentPostprocessing = 0;
			shellPath = /bin/sh;
			shellScript = "\"${SRCROOT}/Pods/Target Support Files/Pods-virtusappUITests/Pods-virtusappUITests-resources.sh\"\n";
			showEnvVarsInLog = 0;
		};
		0C2067969EAC27E758FE73CA /* [CP] Check Pods Manifest.lock */ = {
			isa = PBXShellScriptBuildPhase;
			buildActionMask = 2147483647;
			files = (
			);
			inputPaths = (
				"${PODS_PODFILE_DIR_PATH}/Podfile.lock",
				"${PODS_ROOT}/Manifest.lock",
			);
			name = "[CP] Check Pods Manifest.lock";
			outputPaths = (
				"$(DERIVED_FILE_DIR)/Pods-virtusappUITests-checkManifestLockResult.txt",
			);
			runOnlyForDeploymentPostprocessing = 0;
			shellPath = /bin/sh;
			shellScript = "diff \"${PODS_PODFILE_DIR_PATH}/Podfile.lock\" \"${PODS_ROOT}/Manifest.lock\" > /dev/null\nif [ $? != 0 ] ; then\n    # print error to STDERR\n    echo \"error: The sandbox is not in sync with the Podfile.lock. Run 'pod install' or update your CocoaPods installation.\" >&2\n    exit 1\nfi\n# This output is used by Xcode 'outputs' to avoid re-running this script phase.\necho \"SUCCESS\" > \"${SCRIPT_OUTPUT_FILE_0}\"\n";
			showEnvVarsInLog = 0;
		};
		1966BB605E7861765518114E /* [CP] Check Pods Manifest.lock */ = {
			isa = PBXShellScriptBuildPhase;
			buildActionMask = 2147483647;
			files = (
			);
			inputPaths = (
				"${PODS_PODFILE_DIR_PATH}/Podfile.lock",
				"${PODS_ROOT}/Manifest.lock",
			);
			name = "[CP] Check Pods Manifest.lock";
			outputPaths = (
				"$(DERIVED_FILE_DIR)/Pods-virtusapp-checkManifestLockResult.txt",
			);
			runOnlyForDeploymentPostprocessing = 0;
			shellPath = /bin/sh;
			shellScript = "diff \"${PODS_PODFILE_DIR_PATH}/Podfile.lock\" \"${PODS_ROOT}/Manifest.lock\" > /dev/null\nif [ $? != 0 ] ; then\n    # print error to STDERR\n    echo \"error: The sandbox is not in sync with the Podfile.lock. Run 'pod install' or update your CocoaPods installation.\" >&2\n    exit 1\nfi\n# This output is used by Xcode 'outputs' to avoid re-running this script phase.\necho \"SUCCESS\" > \"${SCRIPT_OUTPUT_FILE_0}\"\n";
			showEnvVarsInLog = 0;
		};
		656CCF8FBE3CF21B89C07DEA /* [CP] Copy Pods Resources */ = {
			isa = PBXShellScriptBuildPhase;
			buildActionMask = 2147483647;
			files = (
			);
			inputPaths = (
			);
			name = "[CP] Copy Pods Resources";
			outputPaths = (
			);
			runOnlyForDeploymentPostprocessing = 0;
			shellPath = /bin/sh;
			shellScript = "\"${SRCROOT}/Pods/Target Support Files/Pods-virtusapp/Pods-virtusapp-resources.sh\"\n";
			showEnvVarsInLog = 0;
		};
		7DFB01D99E7D3E37FAC0ECBF /* [CP] Copy Pods Resources */ = {
			isa = PBXShellScriptBuildPhase;
			buildActionMask = 2147483647;
			files = (
			);
			inputPaths = (
			);
			name = "[CP] Copy Pods Resources";
			outputPaths = (
			);
			runOnlyForDeploymentPostprocessing = 0;
			shellPath = /bin/sh;
			shellScript = "\"${SRCROOT}/Pods/Target Support Files/Pods-virtusappTests/Pods-virtusappTests-resources.sh\"\n";
			showEnvVarsInLog = 0;
		};
		826B889C1D86A885977CB144 /* [CP] Embed Pods Frameworks */ = {
			isa = PBXShellScriptBuildPhase;
			buildActionMask = 2147483647;
			files = (
			);
			inputPaths = (
			);
			name = "[CP] Embed Pods Frameworks";
			outputPaths = (
			);
			runOnlyForDeploymentPostprocessing = 0;
			shellPath = /bin/sh;
			shellScript = "\"${SRCROOT}/Pods/Target Support Files/Pods-virtusappUITests/Pods-virtusappUITests-frameworks.sh\"\n";
			showEnvVarsInLog = 0;
		};
		8D420B4536645C3B4E607D2E /* [CP] Check Pods Manifest.lock */ = {
			isa = PBXShellScriptBuildPhase;
			buildActionMask = 2147483647;
			files = (
			);
			inputPaths = (
				"${PODS_PODFILE_DIR_PATH}/Podfile.lock",
				"${PODS_ROOT}/Manifest.lock",
			);
			name = "[CP] Check Pods Manifest.lock";
			outputPaths = (
				"$(DERIVED_FILE_DIR)/Pods-virtusappTests-checkManifestLockResult.txt",
			);
			runOnlyForDeploymentPostprocessing = 0;
			shellPath = /bin/sh;
			shellScript = "diff \"${PODS_PODFILE_DIR_PATH}/Podfile.lock\" \"${PODS_ROOT}/Manifest.lock\" > /dev/null\nif [ $? != 0 ] ; then\n    # print error to STDERR\n    echo \"error: The sandbox is not in sync with the Podfile.lock. Run 'pod install' or update your CocoaPods installation.\" >&2\n    exit 1\nfi\n# This output is used by Xcode 'outputs' to avoid re-running this script phase.\necho \"SUCCESS\" > \"${SCRIPT_OUTPUT_FILE_0}\"\n";
			showEnvVarsInLog = 0;
		};
		D438A78B21B9EE2FA121D379 /* [CP] Embed Pods Frameworks */ = {
			isa = PBXShellScriptBuildPhase;
			buildActionMask = 2147483647;
			files = (
			);
			inputPaths = (
				"${SRCROOT}/Pods/Target Support Files/Pods-virtusapp/Pods-virtusapp-frameworks.sh",
				"${BUILT_PRODUCTS_DIR}/Alamofire/Alamofire.framework",
				"${BUILT_PRODUCTS_DIR}/SDWebImage/SDWebImage.framework",
			);
			name = "[CP] Embed Pods Frameworks";
			outputPaths = (
				"${TARGET_BUILD_DIR}/${FRAMEWORKS_FOLDER_PATH}/Alamofire.framework",
				"${TARGET_BUILD_DIR}/${FRAMEWORKS_FOLDER_PATH}/SDWebImage.framework",
			);
			runOnlyForDeploymentPostprocessing = 0;
			shellPath = /bin/sh;
			shellScript = "\"${SRCROOT}/Pods/Target Support Files/Pods-virtusapp/Pods-virtusapp-frameworks.sh\"\n";
			showEnvVarsInLog = 0;
		};
		E8D54108F6B50B03F0859567 /* [CP] Embed Pods Frameworks */ = {
			isa = PBXShellScriptBuildPhase;
			buildActionMask = 2147483647;
			files = (
			);
			inputPaths = (
			);
			name = "[CP] Embed Pods Frameworks";
			outputPaths = (
			);
			runOnlyForDeploymentPostprocessing = 0;
			shellPath = /bin/sh;
			shellScript = "\"${SRCROOT}/Pods/Target Support Files/Pods-virtusappTests/Pods-virtusappTests-frameworks.sh\"\n";
			showEnvVarsInLog = 0;
		};
/* End PBXShellScriptBuildPhase section */

/* Begin PBXSourcesBuildPhase section */
		531103F51F578B8E008AECFB /* Sources */ = {
			isa = PBXSourcesBuildPhase;
			buildActionMask = 2147483647;
			files = (
				531103FD1F578B8E008AECFB /* AppDelegate.swift in Sources */,
				535D38571F5C70940084DACA /* Curriculum.swift in Sources */,
				531104301F578D1D008AECFB /* LocalViewController.swift in Sources */,
				53A7F92B1F5BB73D00895CC1 /* JsonParser.swift in Sources */,
				53A7F9371F5BDFFF00895CC1 /* CurriculumViewController.swift in Sources */,
				535D385B1F5C7E3A0084DACA /* Alert.swift in Sources */,
				531104321F578D4B008AECFB /* NewsViewController.swift in Sources */,
				53A7F9331F5BCA9000895CC1 /* JobDetailsViewController.swift in Sources */,
				53A7F92F1F5BC68900895CC1 /* JobProxy.swift in Sources */,
				53A7F92D1F5BC57D00895CC1 /* Job.swift in Sources */,
				5338CBDE1F58F29800AD2BF2 /* EventProxy.swift in Sources */,
				53C5A14B1F5A562D0006EFF2 /* Event.swift in Sources */,
				531104341F578D69008AECFB /* JoinUsViewController.swift in Sources */,
				535D385D1F5C7F700084DACA /* Info.swift in Sources */,
				53F55E171F58DF6000A16CB5 /* PinAnnotation.swift in Sources */,
				5311042E1F578CEF008AECFB /* HomePageViewController.swift in Sources */,
				53C5A1481F5A54360006EFF2 /* CardTableViewCell.swift in Sources */,
				535D38591F5C71710084DACA /* CurriculumProxy.swift in Sources */,
				53A7F9261F5BA71900895CC1 /* EventDetailsViewController.swift in Sources */,
				5338CBE11F58F2A100AD2BF2 /* WSUrls.swift in Sources */,
			);
			runOnlyForDeploymentPostprocessing = 0;
		};
		531104091F578B8E008AECFB /* Sources */ = {
			isa = PBXSourcesBuildPhase;
			buildActionMask = 2147483647;
			files = (
				531104121F578B8E008AECFB /* virtusappTests.swift in Sources */,
			);
			runOnlyForDeploymentPostprocessing = 0;
		};
		531104141F578B8E008AECFB /* Sources */ = {
			isa = PBXSourcesBuildPhase;
			buildActionMask = 2147483647;
			files = (
				5311041D1F578B8E008AECFB /* virtusappUITests.swift in Sources */,
			);
			runOnlyForDeploymentPostprocessing = 0;
		};
/* End PBXSourcesBuildPhase section */

/* Begin PBXTargetDependency section */
		5311040F1F578B8E008AECFB /* PBXTargetDependency */ = {
			isa = PBXTargetDependency;
			target = 531103F81F578B8E008AECFB /* virtusapp */;
			targetProxy = 5311040E1F578B8E008AECFB /* PBXContainerItemProxy */;
		};
		5311041A1F578B8E008AECFB /* PBXTargetDependency */ = {
			isa = PBXTargetDependency;
			target = 531103F81F578B8E008AECFB /* virtusapp */;
			targetProxy = 531104191F578B8E008AECFB /* PBXContainerItemProxy */;
		};
/* End PBXTargetDependency section */

/* Begin PBXVariantGroup section */
		531104001F578B8E008AECFB /* Main.storyboard */ = {
			isa = PBXVariantGroup;
			children = (
				531104011F578B8E008AECFB /* Base */,
			);
			name = Main.storyboard;
			sourceTree = "<group>";
		};
		531104051F578B8E008AECFB /* LaunchScreen.storyboard */ = {
			isa = PBXVariantGroup;
			children = (
				531104061F578B8E008AECFB /* Base */,
			);
			name = LaunchScreen.storyboard;
			sourceTree = "<group>";
		};
/* End PBXVariantGroup section */

/* Begin XCBuildConfiguration section */
		5311041F1F578B8E008AECFB /* Debug */ = {
			isa = XCBuildConfiguration;
			buildSettings = {
				ALWAYS_SEARCH_USER_PATHS = NO;
				CLANG_ANALYZER_NONNULL = YES;
				CLANG_ANALYZER_NUMBER_OBJECT_CONVERSION = YES_AGGRESSIVE;
				CLANG_CXX_LANGUAGE_STANDARD = "gnu++0x";
				CLANG_CXX_LIBRARY = "libc++";
				CLANG_ENABLE_MODULES = YES;
				CLANG_ENABLE_OBJC_ARC = YES;
				CLANG_WARN_BOOL_CONVERSION = YES;
				CLANG_WARN_CONSTANT_CONVERSION = YES;
				CLANG_WARN_DIRECT_OBJC_ISA_USAGE = YES_ERROR;
				CLANG_WARN_DOCUMENTATION_COMMENTS = YES;
				CLANG_WARN_EMPTY_BODY = YES;
				CLANG_WARN_ENUM_CONVERSION = YES;
				CLANG_WARN_INFINITE_RECURSION = YES;
				CLANG_WARN_INT_CONVERSION = YES;
				CLANG_WARN_OBJC_ROOT_CLASS = YES_ERROR;
				CLANG_WARN_SUSPICIOUS_MOVE = YES;
				CLANG_WARN_UNREACHABLE_CODE = YES;
				CLANG_WARN__DUPLICATE_METHOD_MATCH = YES;
				"CODE_SIGN_IDENTITY[sdk=iphoneos*]" = "iPhone Developer";
				COPY_PHASE_STRIP = NO;
				DEBUG_INFORMATION_FORMAT = dwarf;
				ENABLE_STRICT_OBJC_MSGSEND = YES;
				ENABLE_TESTABILITY = YES;
				GCC_C_LANGUAGE_STANDARD = gnu99;
				GCC_DYNAMIC_NO_PIC = NO;
				GCC_NO_COMMON_BLOCKS = YES;
				GCC_OPTIMIZATION_LEVEL = 0;
				GCC_PREPROCESSOR_DEFINITIONS = (
					"DEBUG=1",
					"$(inherited)",
				);
				GCC_WARN_64_TO_32_BIT_CONVERSION = YES;
				GCC_WARN_ABOUT_RETURN_TYPE = YES_ERROR;
				GCC_WARN_UNDECLARED_SELECTOR = YES;
				GCC_WARN_UNINITIALIZED_AUTOS = YES_AGGRESSIVE;
				GCC_WARN_UNUSED_FUNCTION = YES;
				GCC_WARN_UNUSED_VARIABLE = YES;
				IPHONEOS_DEPLOYMENT_TARGET = 10.3;
				MTL_ENABLE_DEBUG_INFO = YES;
				ONLY_ACTIVE_ARCH = YES;
				SDKROOT = iphoneos;
				SWIFT_ACTIVE_COMPILATION_CONDITIONS = DEBUG;
				SWIFT_OPTIMIZATION_LEVEL = "-Onone";
			};
			name = Debug;
		};
		531104201F578B8E008AECFB /* Release */ = {
			isa = XCBuildConfiguration;
			buildSettings = {
				ALWAYS_SEARCH_USER_PATHS = NO;
				CLANG_ANALYZER_NONNULL = YES;
				CLANG_ANALYZER_NUMBER_OBJECT_CONVERSION = YES_AGGRESSIVE;
				CLANG_CXX_LANGUAGE_STANDARD = "gnu++0x";
				CLANG_CXX_LIBRARY = "libc++";
				CLANG_ENABLE_MODULES = YES;
				CLANG_ENABLE_OBJC_ARC = YES;
				CLANG_WARN_BOOL_CONVERSION = YES;
				CLANG_WARN_CONSTANT_CONVERSION = YES;
				CLANG_WARN_DIRECT_OBJC_ISA_USAGE = YES_ERROR;
				CLANG_WARN_DOCUMENTATION_COMMENTS = YES;
				CLANG_WARN_EMPTY_BODY = YES;
				CLANG_WARN_ENUM_CONVERSION = YES;
				CLANG_WARN_INFINITE_RECURSION = YES;
				CLANG_WARN_INT_CONVERSION = YES;
				CLANG_WARN_OBJC_ROOT_CLASS = YES_ERROR;
				CLANG_WARN_SUSPICIOUS_MOVE = YES;
				CLANG_WARN_UNREACHABLE_CODE = YES;
				CLANG_WARN__DUPLICATE_METHOD_MATCH = YES;
				"CODE_SIGN_IDENTITY[sdk=iphoneos*]" = "iPhone Developer";
				COPY_PHASE_STRIP = NO;
				DEBUG_INFORMATION_FORMAT = "dwarf-with-dsym";
				ENABLE_NS_ASSERTIONS = NO;
				ENABLE_STRICT_OBJC_MSGSEND = YES;
				GCC_C_LANGUAGE_STANDARD = gnu99;
				GCC_NO_COMMON_BLOCKS = YES;
				GCC_WARN_64_TO_32_BIT_CONVERSION = YES;
				GCC_WARN_ABOUT_RETURN_TYPE = YES_ERROR;
				GCC_WARN_UNDECLARED_SELECTOR = YES;
				GCC_WARN_UNINITIALIZED_AUTOS = YES_AGGRESSIVE;
				GCC_WARN_UNUSED_FUNCTION = YES;
				GCC_WARN_UNUSED_VARIABLE = YES;
				IPHONEOS_DEPLOYMENT_TARGET = 10.3;
				MTL_ENABLE_DEBUG_INFO = NO;
				SDKROOT = iphoneos;
				SWIFT_OPTIMIZATION_LEVEL = "-Owholemodule";
				VALIDATE_PRODUCT = YES;
			};
			name = Release;
		};
		531104221F578B8E008AECFB /* Debug */ = {
			isa = XCBuildConfiguration;
			baseConfigurationReference = E1AC62D00B998BEF6ED272B5 /* Pods-virtusapp.debug.xcconfig */;
			buildSettings = {
				ASSETCATALOG_COMPILER_APPICON_NAME = AppIcon;
				INFOPLIST_FILE = virtusapp/Info.plist;
				LD_RUNPATH_SEARCH_PATHS = "$(inherited) @executable_path/Frameworks";
				PRODUCT_BUNDLE_IDENTIFIER = com.rafael.virtusapp;
				PRODUCT_NAME = "$(TARGET_NAME)";
				SWIFT_VERSION = 3.0;
			};
			name = Debug;
		};
		531104231F578B8E008AECFB /* Release */ = {
			isa = XCBuildConfiguration;
			baseConfigurationReference = C0C9427984498DB8743749ED /* Pods-virtusapp.release.xcconfig */;
			buildSettings = {
				ASSETCATALOG_COMPILER_APPICON_NAME = AppIcon;
				INFOPLIST_FILE = virtusapp/Info.plist;
				LD_RUNPATH_SEARCH_PATHS = "$(inherited) @executable_path/Frameworks";
				PRODUCT_BUNDLE_IDENTIFIER = com.rafael.virtusapp;
				PRODUCT_NAME = "$(TARGET_NAME)";
				SWIFT_VERSION = 3.0;
			};
			name = Release;
		};
		531104251F578B8E008AECFB /* Debug */ = {
			isa = XCBuildConfiguration;
			baseConfigurationReference = 25FE273EEBB880955B4576C7 /* Pods-virtusappTests.debug.xcconfig */;
			buildSettings = {
				ALWAYS_EMBED_SWIFT_STANDARD_LIBRARIES = YES;
				BUNDLE_LOADER = "$(TEST_HOST)";
				INFOPLIST_FILE = virtusappTests/Info.plist;
				LD_RUNPATH_SEARCH_PATHS = "$(inherited) @executable_path/Frameworks @loader_path/Frameworks";
				PRODUCT_BUNDLE_IDENTIFIER = com.rafael.virtusappTests;
				PRODUCT_NAME = "$(TARGET_NAME)";
				SWIFT_VERSION = 3.0;
				TEST_HOST = "$(BUILT_PRODUCTS_DIR)/virtusapp.app/virtusapp";
			};
			name = Debug;
		};
		531104261F578B8E008AECFB /* Release */ = {
			isa = XCBuildConfiguration;
			baseConfigurationReference = AA7470CCADB1090199B4264E /* Pods-virtusappTests.release.xcconfig */;
			buildSettings = {
				ALWAYS_EMBED_SWIFT_STANDARD_LIBRARIES = YES;
				BUNDLE_LOADER = "$(TEST_HOST)";
				INFOPLIST_FILE = virtusappTests/Info.plist;
				LD_RUNPATH_SEARCH_PATHS = "$(inherited) @executable_path/Frameworks @loader_path/Frameworks";
				PRODUCT_BUNDLE_IDENTIFIER = com.rafael.virtusappTests;
				PRODUCT_NAME = "$(TARGET_NAME)";
				SWIFT_VERSION = 3.0;
				TEST_HOST = "$(BUILT_PRODUCTS_DIR)/virtusapp.app/virtusapp";
			};
			name = Release;
		};
		531104281F578B8E008AECFB /* Debug */ = {
			isa = XCBuildConfiguration;
			baseConfigurationReference = 7BB316F4FB50293BD414AB79 /* Pods-virtusappUITests.debug.xcconfig */;
			buildSettings = {
				ALWAYS_EMBED_SWIFT_STANDARD_LIBRARIES = YES;
				INFOPLIST_FILE = virtusappUITests/Info.plist;
				LD_RUNPATH_SEARCH_PATHS = "$(inherited) @executable_path/Frameworks @loader_path/Frameworks";
				PRODUCT_BUNDLE_IDENTIFIER = com.rafael.virtusappUITests;
				PRODUCT_NAME = "$(TARGET_NAME)";
				SWIFT_VERSION = 3.0;
				TEST_TARGET_NAME = virtusapp;
			};
			name = Debug;
		};
		531104291F578B8E008AECFB /* Release */ = {
			isa = XCBuildConfiguration;
			baseConfigurationReference = 4C1906AF2CD39D441EC87486 /* Pods-virtusappUITests.release.xcconfig */;
			buildSettings = {
				ALWAYS_EMBED_SWIFT_STANDARD_LIBRARIES = YES;
				INFOPLIST_FILE = virtusappUITests/Info.plist;
				LD_RUNPATH_SEARCH_PATHS = "$(inherited) @executable_path/Frameworks @loader_path/Frameworks";
				PRODUCT_BUNDLE_IDENTIFIER = com.rafael.virtusappUITests;
				PRODUCT_NAME = "$(TARGET_NAME)";
				SWIFT_VERSION = 3.0;
				TEST_TARGET_NAME = virtusapp;
			};
			name = Release;
		};
/* End XCBuildConfiguration section */

/* Begin XCConfigurationList section */
		531103F41F578B8E008AECFB /* Build configuration list for PBXProject "virtusapp" */ = {
			isa = XCConfigurationList;
			buildConfigurations = (
				5311041F1F578B8E008AECFB /* Debug */,
				531104201F578B8E008AECFB /* Release */,
			);
			defaultConfigurationIsVisible = 0;
			defaultConfigurationName = Release;
		};
		531104211F578B8E008AECFB /* Build configuration list for PBXNativeTarget "virtusapp" */ = {
			isa = XCConfigurationList;
			buildConfigurations = (
				531104221F578B8E008AECFB /* Debug */,
				531104231F578B8E008AECFB /* Release */,
			);
			defaultConfigurationIsVisible = 0;
			defaultConfigurationName = Release;
		};
		531104241F578B8E008AECFB /* Build configuration list for PBXNativeTarget "virtusappTests" */ = {
			isa = XCConfigurationList;
			buildConfigurations = (
				531104251F578B8E008AECFB /* Debug */,
				531104261F578B8E008AECFB /* Release */,
			);
			defaultConfigurationIsVisible = 0;
			defaultConfigurationName = Release;
		};
		531104271F578B8E008AECFB /* Build configuration list for PBXNativeTarget "virtusappUITests" */ = {
			isa = XCConfigurationList;
			buildConfigurations = (
				531104281F578B8E008AECFB /* Debug */,
				531104291F578B8E008AECFB /* Release */,
			);
			defaultConfigurationIsVisible = 0;
			defaultConfigurationName = Release;
		};
/* End XCConfigurationList section */
	};
	rootObject = 531103F11F578B8E008AECFB /* Project object */;
}
